
Microsoft Visual Studio Solution File, Format Version 12.00
# Visual Studio 15
VisualStudioVersion = 15.0.28010.2048
MinimumVisualStudioVersion = 10.0.40219.1
Project("{FAE04EC0-301F-11D3-BF4B-00C04F79EFBC}") = "UTXOServer", "UTXOServer\UTXOServer.csproj", "{0DA5B9A1-50CD-4F5F-9FDD-4D7C099EB493}"
EndProject
Global
	GlobalSection(SolutionConfigurationPlatforms) = preSolution
		Debug|Any CPU = Debug|Any CPU
		Release|Any CPU = Release|Any CPU
	EndGlobalSection
	GlobalSection(ProjectConfigurationPlatforms) = postSolution
		{0DA5B9A1-50CD-4F5F-9FDD-4D7C099EB493}.Debug|Any CPU.ActiveCfg = Debug|Any CPU
		{0DA5B9A1-50CD-4F5F-9FDD-4D7C099EB493}.Debug|Any CPU.Build.0 = Debug|Any CPU
		{0DA5B9A1-50CD-4F5F-9FDD-4D7C099EB493}.Release|Any CPU.ActiveCfg = Release|Any CPU
		{0DA5B9A1-50CD-4F5F-9FDD-4D7C099EB493}.Release|Any CPU.Build.0 = Release|Any CPU
	EndGlobalSection
	GlobalSection(SolutionProperties) = preSolution
		HideSolutionNode = FALSE
	EndGlobalSection
	GlobalSection(ExtensibilityGlobals) = postSolution
		SolutionGuid = {B80F874D-A965-4C20-899F-BC6B1AEA550D}
	EndGlobalSection
EndGlobal
